
Microsoft Visual Studio Solution File, Format Version 12.00
# Visual Studio Version 16
VisualStudioVersion = 16.0.34902.97
MinimumVisualStudioVersion = 10.0.40219.1
Project("{FAE04EC0-301F-11D3-BF4B-00C04F79EFBC}") = "Assignment_1", "Assignment_1\Assignment_1.csproj", "{D5E064AD-5280-454B-ACFA-711CAE6BABBB}"
EndProject
Global
	GlobalSection(SolutionConfigurationPlatforms) = preSolution
		Debug|Any CPU = Debug|Any CPU
		Release|Any CPU = Release|Any CPU
	EndGlobalSection
	GlobalSection(ProjectConfigurationPlatforms) = postSolution
		{D5E064AD-5280-454B-ACFA-711CAE6BABBB}.Debug|Any CPU.ActiveCfg = Debug|Any CPU
		{D5E064AD-5280-454B-ACFA-711CAE6BABBB}.Debug|Any CPU.Build.0 = Debug|Any CPU
		{D5E064AD-5280-454B-ACFA-711CAE6BABBB}.Release|Any CPU.ActiveCfg = Release|Any CPU
		{D5E064AD-5280-454B-ACFA-711CAE6BABBB}.Release|Any CPU.Build.0 = Release|Any CPU
	EndGlobalSection
	GlobalSection(SolutionProperties) = preSolution
		HideSolutionNode = FALSE
	EndGlobalSection
	GlobalSection(ExtensibilityGlobals) = postSolution
		SolutionGuid = {9A1805C4-56D5-4C94-A489-E0DA636E4F3E}
	EndGlobalSection
EndGlobal
