
Microsoft Visual Studio Solution File, Format Version 12.00
# Visual Studio Version 16
VisualStudioVersion = 16.0.34902.97
MinimumVisualStudioVersion = 10.0.40219.1
Project("{FAE04EC0-301F-11D3-BF4B-00C04F79EFBC}") = "ConsoleApp_Basic", "ConsoleApp_Basic\ConsoleApp_Basic.csproj", "{19BBFE19-AE3F-4E27-8F01-E20AEB74E9CD}"
EndProject
Global
	GlobalSection(SolutionConfigurationPlatforms) = preSolution
		Debug|Any CPU = Debug|Any CPU
		Release|Any CPU = Release|Any CPU
	EndGlobalSection
	GlobalSection(ProjectConfigurationPlatforms) = postSolution
		{19BBFE19-AE3F-4E27-8F01-E20AEB74E9CD}.Debug|Any CPU.ActiveCfg = Debug|Any CPU
		{19BBFE19-AE3F-4E27-8F01-E20AEB74E9CD}.Debug|Any CPU.Build.0 = Debug|Any CPU
		{19BBFE19-AE3F-4E27-8F01-E20AEB74E9CD}.Release|Any CPU.ActiveCfg = Release|Any CPU
		{19BBFE19-AE3F-4E27-8F01-E20AEB74E9CD}.Release|Any CPU.Build.0 = Release|Any CPU
	EndGlobalSection
	GlobalSection(SolutionProperties) = preSolution
		HideSolutionNode = FALSE
	EndGlobalSection
	GlobalSection(ExtensibilityGlobals) = postSolution
		SolutionGuid = {3BFC80D4-4418-40BB-A0E1-2DEB84F5152A}
	EndGlobalSection
EndGlobal
