
Microsoft Visual Studio Solution File, Format Version 12.00
# Visual Studio Version 16
VisualStudioVersion = 16.0.34902.97
MinimumVisualStudioVersion = 10.0.40219.1
Project("{FAE04EC0-301F-11D3-BF4B-00C04F79EFBC}") = "MiniProj", "MiniProj\MiniProj.csproj", "{FCE3E5DF-D8F0-4855-A5BF-34F9BAA65915}"
EndProject
Global
	GlobalSection(SolutionConfigurationPlatforms) = preSolution
		Debug|Any CPU = Debug|Any CPU
		Release|Any CPU = Release|Any CPU
	EndGlobalSection
	GlobalSection(ProjectConfigurationPlatforms) = postSolution
		{FCE3E5DF-D8F0-4855-A5BF-34F9BAA65915}.Debug|Any CPU.ActiveCfg = Debug|Any CPU
		{FCE3E5DF-D8F0-4855-A5BF-34F9BAA65915}.Debug|Any CPU.Build.0 = Debug|Any CPU
		{FCE3E5DF-D8F0-4855-A5BF-34F9BAA65915}.Release|Any CPU.ActiveCfg = Release|Any CPU
		{FCE3E5DF-D8F0-4855-A5BF-34F9BAA65915}.Release|Any CPU.Build.0 = Release|Any CPU
	EndGlobalSection
	GlobalSection(SolutionProperties) = preSolution
		HideSolutionNode = FALSE
	EndGlobalSection
	GlobalSection(ExtensibilityGlobals) = postSolution
		SolutionGuid = {E3723B9C-2756-4EC4-A9F4-AC0518A5773F}
	EndGlobalSection
EndGlobal
