
Microsoft Visual Studio Solution File, Format Version 12.00
# Visual Studio Version 16
VisualStudioVersion = 16.0.34902.97
MinimumVisualStudioVersion = 10.0.40219.1
Project("{FAE04EC0-301F-11D3-BF4B-00C04F79EFBC}") = "Handson", "Handson\Handson.csproj", "{A5B083A7-2BA1-4502-8A9F-D2501CA2AAC9}"
EndProject
Global
	GlobalSection(SolutionConfigurationPlatforms) = preSolution
		Debug|Any CPU = Debug|Any CPU
		Release|Any CPU = Release|Any CPU
	EndGlobalSection
	GlobalSection(ProjectConfigurationPlatforms) = postSolution
		{A5B083A7-2BA1-4502-8A9F-D2501CA2AAC9}.Debug|Any CPU.ActiveCfg = Debug|Any CPU
		{A5B083A7-2BA1-4502-8A9F-D2501CA2AAC9}.Debug|Any CPU.Build.0 = Debug|Any CPU
		{A5B083A7-2BA1-4502-8A9F-D2501CA2AAC9}.Release|Any CPU.ActiveCfg = Release|Any CPU
		{A5B083A7-2BA1-4502-8A9F-D2501CA2AAC9}.Release|Any CPU.Build.0 = Release|Any CPU
	EndGlobalSection
	GlobalSection(SolutionProperties) = preSolution
		HideSolutionNode = FALSE
	EndGlobalSection
	GlobalSection(ExtensibilityGlobals) = postSolution
		SolutionGuid = {9D4D2630-9C4B-421B-9A99-25F5D8BEF86E}
	EndGlobalSection
EndGlobal
