
Microsoft Visual Studio Solution File, Format Version 12.00
# Visual Studio Version 16
VisualStudioVersion = 16.0.34902.97
MinimumVisualStudioVersion = 10.0.40219.1
Project("{FAE04EC0-301F-11D3-BF4B-00C04F79EFBC}") = "CC2", "CC2\CC2.csproj", "{DEC24176-CA3D-4720-8135-98849ABDFDCD}"
EndProject
Global
	GlobalSection(SolutionConfigurationPlatforms) = preSolution
		Debug|Any CPU = Debug|Any CPU
		Release|Any CPU = Release|Any CPU
	EndGlobalSection
	GlobalSection(ProjectConfigurationPlatforms) = postSolution
		{DEC24176-CA3D-4720-8135-98849ABDFDCD}.Debug|Any CPU.ActiveCfg = Debug|Any CPU
		{DEC24176-CA3D-4720-8135-98849ABDFDCD}.Debug|Any CPU.Build.0 = Debug|Any CPU
		{DEC24176-CA3D-4720-8135-98849ABDFDCD}.Release|Any CPU.ActiveCfg = Release|Any CPU
		{DEC24176-CA3D-4720-8135-98849ABDFDCD}.Release|Any CPU.Build.0 = Release|Any CPU
	EndGlobalSection
	GlobalSection(SolutionProperties) = preSolution
		HideSolutionNode = FALSE
	EndGlobalSection
	GlobalSection(ExtensibilityGlobals) = postSolution
		SolutionGuid = {AA8D7F12-94EC-4DE6-A489-998558A75D3E}
	EndGlobalSection
EndGlobal
